
Microsoft Visual Studio Solution File, Format Version 12.00
# Visual Studio Version 17
VisualStudioVersion = 17.14.37614.0
MinimumVisualStudioVersion = 10.0.40219.1
Project("{2150E333-8FDC-42A3-9474-1A3956D46DE8}") = "Task0", "Task0", "{02EA681E-C7D8-13C7-8484-4AC65E1B71E8}"
EndProject
Project("{2150E333-8FDC-42A3-9474-1A3956D46DE8}") = "Task1", "Task1", "{E31B972E-85A4-4F55-9D4E-D25A6B1FD330}"
EndProject
Project("{FAE04EC0-301F-11D3-BF4B-00C04F79EFBC}") = "Tyuiu.BorovinskikhSV.Sprint0.Task1.V0", "Tyuiu.BorovinskikhSV.Sprint0.Task1.V0\Tyuiu.BorovinskikhSV.Sprint0.Task1.V0.csproj", "{A831CFD5-D08E-4954-A6F4-8A08E8CEE86E}"
EndProject
Project("{2150E333-8FDC-42A3-9474-1A3956D46DE8}") = "Task2", "Task2", "{AD595A09-D213-4941-B6AE-9314FA31D375}"
EndProject
Project("{FAE04EC0-301F-11D3-BF4B-00C04F79EFBC}") = "Tyuiu.BorovinskikhSV.Sprint0.Task2.V0", "Tyuiu.BorovinskikhSV.Sprint0.Task2.V0\Tyuiu.BorovinskikhSV.Sprint0.Task2.V0.csproj", "{6388180F-3996-41EB-9F88-DE5952E8D286}"
EndProject
Project("{FAE04EC0-301F-11D3-BF4B-00C04F79EFBC}") = "Tyuiu.BorovinskikhSV.Sprint0.Task2.V0.Lib", "Tyuiu.BorovinskikhSV.Sprint0.Task2.V0.Lib\Tyuiu.BorovinskikhSV.Sprint0.Task2.V0.Lib.csproj", "{2544229E-4581-41B5-AA28-69319F9F0054}"
EndProject
Project("{FAE04EC0-301F-11D3-BF4B-00C04F79EFBC}") = "Tyuiu.BorovinskikhSV.Sprint0.Task2.V0.Test", "Tyuiu.BorovinskikhSV.Sprint0.Task2.V0.Test\Tyuiu.BorovinskikhSV.Sprint0.Task2.V0.Test.csproj", "{CF9B27FA-E132-48FB-BD72-6519A7C31C35}"
EndProject
Project("{2150E333-8FDC-42A3-9474-1A3956D46DE8}") = "Task3", "Task3", "{7C83B2CD-8F97-4D62-9D69-210681AB1E8F}"
EndProject
Project("{FAE04EC0-301F-11D3-BF4B-00C04F79EFBC}") = "Tyuiu.BorovinskikhSV.Sprint0.Task3.V0", "Tyuiu.BorovinskikhSV.Sprint0.Task3.V0\Tyuiu.BorovinskikhSV.Sprint0.Task3.V0.csproj", "{081C3B9B-3CF0-4152-8801-BC114953F4B8}"
EndProject
Project("{FAE04EC0-301F-11D3-BF4B-00C04F79EFBC}") = "Tyuiu.BorovinskikhSV.Sprint0.Task3.V0.Lib", "Tyuiu.BorovinskikhSV.Sprint0.Task3.V0.Lib\Tyuiu.BorovinskikhSV.Sprint0.Task3.V0.Lib.csproj", "{F988EBFB-5626-4EBE-B9B0-70FACF6ED4DA}"
EndProject
Project("{FAE04EC0-301F-11D3-BF4B-00C04F79EFBC}") = "Tyuiu.BorovinskikhSV.Sprint0.Task3.V0.Test", "Tyuiu.BorovinskikhSV.Sprint0.Task3.V0.Test\Tyuiu.BorovinskikhSV.Sprint0.Task3.V0.Test.csproj", "{797653FC-0E67-4B9C-8778-92B7889C3920}"
EndProject
Project("{2150E333-8FDC-42A3-9474-1A3956D46DE8}") = "Task4", "Task4", "{56F44CE1-4A50-43AA-B531-B506E32DBBEB}"
EndProject
Project("{FAE04EC0-301F-11D3-BF4B-00C04F79EFBC}") = "Tyuiu.BorovinskikhSV.Sprint0.Task4.V0", "Tyuiu.BorovinskikhSV.Sprint0.Task4.V0\Tyuiu.BorovinskikhSV.Sprint0.Task4.V0.csproj", "{B83699AC-7C58-4D28-925F-8ED15A5B7015}"
EndProject
Project("{FAE04EC0-301F-11D3-BF4B-00C04F79EFBC}") = "Tyuiu.BorovinskikhSV.Sprint0.Task4.V0.Lib", "Tyuiu.BorovinskikhSV.Sprint0.Task4.V0.Lib\Tyuiu.BorovinskikhSV.Sprint0.Task4.V0.Lib.csproj", "{182CB085-8ADF-4BC8-926A-370D0279BE6F}"
EndProject
Project("{FAE04EC0-301F-11D3-BF4B-00C04F79EFBC}") = "Tyuiu.BorovinskikhSV.Sprint0.Task4.V0.Test", "Tyuiu.BorovinskikhSV.Sprint0.Task4.V0.Test\Tyuiu.BorovinskikhSV.Sprint0.Task4.V0.Test.csproj", "{C590D50C-02F3-48E8-BE58-904D5CF80747}"
EndProject
Project("{2150E333-8FDC-42A3-9474-1A3956D46DE8}") = "Task5", "Task5", "{033BC41F-B169-4B41-9F4B-FCF54DE8F5D5}"
EndProject
Project("{FAE04EC0-301F-11D3-BF4B-00C04F79EFBC}") = "Tyuiu.BorovinskikhSV.Sprint0.Task5.V0", "Tyuiu.BorovinskikhSV.Sprint0.Task5.V0\Tyuiu.BorovinskikhSV.Sprint0.Task5.V0.csproj", "{29E16609-3CC9-4A9B-80DE-0A0066BBD40C}"
EndProject
Project("{FAE04EC0-301F-11D3-BF4B-00C04F79EFBC}") = "Tyuiu.BorovinskikhSV.Sprint0.Task5.V0.Lib", "Tyuiu.BorovinskikhSV.Sprint0.Task5.V0.Lib\Tyuiu.BorovinskikhSV.Sprint0.Task5.V0.Lib.csproj", "{33510BC4-03AA-4B1C-BC2F-F6DF920A9767}"
EndProject
Project("{FAE04EC0-301F-11D3-BF4B-00C04F79EFBC}") = "Tyuiu.BorovinskikhSV.Sprint0.Task5.V0.Test", "Tyuiu.BorovinskikhSV.Sprint0.Task5.V0.Test\Tyuiu.BorovinskikhSV.Sprint0.Task5.V0.Test.csproj", "{632BF05C-BD72-467D-AADC-05AFC4060EE1}"
EndProject
Project("{2150E333-8FDC-42A3-9474-1A3956D46DE8}") = "Task6", "Task6", "{2AE24A75-93E7-49CF-A5CF-A8AE7EB2F2FC}"
EndProject
Project("{FAE04EC0-301F-11D3-BF4B-00C04F79EFBC}") = "Tyuiu.BorovinskikhSV.Sprint0.Task6.V0", "Tyuiu.BorovinskikhSV.Sprint0.Task6.V0\Tyuiu.BorovinskikhSV.Sprint0.Task6.V0.csproj", "{F908B996-D873-4AF8-85CB-60A344F5309A}"
EndProject
Project("{FAE04EC0-301F-11D3-BF4B-00C04F79EFBC}") = "Tyuiu.BorovinskikhSV.Sprint0.Task6.V0.Lib", "Tyuiu.BorovinskikhSV.Sprint0.Task6.V0.Lib\Tyuiu.BorovinskikhSV.Sprint0.Task6.V0.Lib.csproj", "{CDDAFE16-32F2-4706-AE73-D05F50053133}"
EndProject
Project("{FAE04EC0-301F-11D3-BF4B-00C04F79EFBC}") = "Tyuiu.BorovinskikhSV.Sprint0.Task6.V0.Test", "Tyuiu.BorovinskikhSV.Sprint0.Task6.V0.Test\Tyuiu.BorovinskikhSV.Sprint0.Task6.V0.Test.csproj", "{3FF88E9B-F4A0-4B5F-B7A6-2D0DDF6BBFDD}"
EndProject
Project("{2150E333-8FDC-42A3-9474-1A3956D46DE8}") = "Task7", "Task7", "{102FA286-74DF-408E-9AB7-F2FABF8A2B4F}"
EndProject
Project("{FAE04EC0-301F-11D3-BF4B-00C04F79EFBC}") = "Tyuiu.BorovinskikhSV.Sprint0.Task7.V0", "Tyuiu.BorovinskikhSV.Sprint0.Task7.V0\Tyuiu.BorovinskikhSV.Sprint0.Task7.V0.csproj", "{724D7223-73B9-4445-899F-707D0CBB4BB8}"
EndProject
Project("{FAE04EC0-301F-11D3-BF4B-00C04F79EFBC}") = "Tyuiu.BorovinskikhSV.Sprint0.Task7.V0.Lib", "Tyuiu.BorovinskikhSV.Sprint0.Task7.V0.Lib\Tyuiu.BorovinskikhSV.Sprint0.Task7.V0.Lib.csproj", "{A3F7A670-2FD3-4206-8154-F08EE841DCF6}"
EndProject
Project("{FAE04EC0-301F-11D3-BF4B-00C04F79EFBC}") = "Tyuiu.BorovinskikhSV.Sprint0.Task7.V0.Test", "Tyuiu.BorovinskikhSV.Sprint0.Task7.V0.Test\Tyuiu.BorovinskikhSV.Sprint0.Task7.V0.Test.csproj", "{2E38DF2A-F5A3-4612-9651-EF7FACBE14A6}"
EndProject
Global
	GlobalSection(SolutionConfigurationPlatforms) = preSolution
		Debug|Any CPU = Debug|Any CPU
		Release|Any CPU = Release|Any CPU
	EndGlobalSection
	GlobalSection(ProjectConfigurationPlatforms) = postSolution
		{A831CFD5-D08E-4954-A6F4-8A08E8CEE86E}.Debug|Any CPU.ActiveCfg = Debug|Any CPU
		{A831CFD5-D08E-4954-A6F4-8A08E8CEE86E}.Debug|Any CPU.Build.0 = Debug|Any CPU
		{A831CFD5-D08E-4954-A6F4-8A08E8CEE86E}.Release|Any CPU.ActiveCfg = Release|Any CPU
		{A831CFD5-D08E-4954-A6F4-8A08E8CEE86E}.Release|Any CPU.Build.0 = Release|Any CPU
		{6388180F-3996-41EB-9F88-DE5952E8D286}.Debug|Any CPU.ActiveCfg = Debug|Any CPU
		{6388180F-3996-41EB-9F88-DE5952E8D286}.Debug|Any CPU.Build.0 = Debug|Any CPU
		{6388180F-3996-41EB-9F88-DE5952E8D286}.Release|Any CPU.ActiveCfg = Release|Any CPU
		{6388180F-3996-41EB-9F88-DE5952E8D286}.Release|Any CPU.Build.0 = Release|Any CPU
		{2544229E-4581-41B5-AA28-69319F9F0054}.Debug|Any CPU.ActiveCfg = Debug|Any CPU
		{2544229E-4581-41B5-AA28-69319F9F0054}.Debug|Any CPU.Build.0 = Debug|Any CPU
		{2544229E-4581-41B5-AA28-69319F9F0054}.Release|Any CPU.ActiveCfg = Release|Any CPU
		{2544229E-4581-41B5-AA28-69319F9F0054}.Release|Any CPU.Build.0 = Release|Any CPU
		{CF9B27FA-E132-48FB-BD72-6519A7C31C35}.Debug|Any CPU.ActiveCfg = Debug|Any CPU
		{CF9B27FA-E132-48FB-BD72-6519A7C31C35}.Debug|Any CPU.Build.0 = Debug|Any CPU
		{CF9B27FA-E132-48FB-BD72-6519A7C31C35}.Release|Any CPU.ActiveCfg = Release|Any CPU
		{CF9B27FA-E132-48FB-BD72-6519A7C31C35}.Release|Any CPU.Build.0 = Release|Any CPU
		{081C3B9B-3CF0-4152-8801-BC114953F4B8}.Debug|Any CPU.ActiveCfg = Debug|Any CPU
		{081C3B9B-3CF0-4152-8801-BC114953F4B8}.Debug|Any CPU.Build.0 = Debug|Any CPU
		{081C3B9B-3CF0-4152-8801-BC114953F4B8}.Release|Any CPU.ActiveCfg = Release|Any CPU
		{081C3B9B-3CF0-4152-8801-BC114953F4B8}.Release|Any CPU.Build.0 = Release|Any CPU
		{F988EBFB-5626-4EBE-B9B0-70FACF6ED4DA}.Debug|Any CPU.ActiveCfg = Debug|Any CPU
		{F988EBFB-5626-4EBE-B9B0-70FACF6ED4DA}.Debug|Any CPU.Build.0 = Debug|Any CPU
		{F988EBFB-5626-4EBE-B9B0-70FACF6ED4DA}.Release|Any CPU.ActiveCfg = Release|Any CPU
		{F988EBFB-5626-4EBE-B9B0-70FACF6ED4DA}.Release|Any CPU.Build.0 = Release|Any CPU
		{797653FC-0E67-4B9C-8778-92B7889C3920}.Debug|Any CPU.ActiveCfg = Debug|Any CPU
		{797653FC-0E67-4B9C-8778-92B7889C3920}.Debug|Any CPU.Build.0 = Debug|Any CPU
		{797653FC-0E67-4B9C-8778-92B7889C3920}.Release|Any CPU.ActiveCfg = Release|Any CPU
		{797653FC-0E67-4B9C-8778-92B7889C3920}.Release|Any CPU.Build.0 = Release|Any CPU
		{B83699AC-7C58-4D28-925F-8ED15A5B7015}.Debug|Any CPU.ActiveCfg = Debug|Any CPU
		{B83699AC-7C58-4D28-925F-8ED15A5B7015}.Debug|Any CPU.Build.0 = Debug|Any CPU
		{B83699AC-7C58-4D28-925F-8ED15A5B7015}.Release|Any CPU.ActiveCfg = Release|Any CPU
		{B83699AC-7C58-4D28-925F-8ED15A5B7015}.Release|Any CPU.Build.0 = Release|Any CPU
		{182CB085-8ADF-4BC8-926A-370D0279BE6F}.Debug|Any CPU.ActiveCfg = Debug|Any CPU
		{182CB085-8ADF-4BC8-926A-370D0279BE6F}.Debug|Any CPU.Build.0 = Debug|Any CPU
		{182CB085-8ADF-4BC8-926A-370D0279BE6F}.Release|Any CPU.ActiveCfg = Release|Any CPU
		{182CB085-8ADF-4BC8-926A-370D0279BE6F}.Release|Any CPU.Build.0 = Release|Any CPU
		{C590D50C-02F3-48E8-BE58-904D5CF80747}.Debug|Any CPU.ActiveCfg = Debug|Any CPU
		{C590D50C-02F3-48E8-BE58-904D5CF80747}.Debug|Any CPU.Build.0 = Debug|Any CPU
		{C590D50C-02F3-48E8-BE58-904D5CF80747}.Release|Any CPU.ActiveCfg = Release|Any CPU
		{C590D50C-02F3-48E8-BE58-904D5CF80747}.Release|Any CPU.Build.0 = Release|Any CPU
		{29E16609-3CC9-4A9B-80DE-0A0066BBD40C}.Debug|Any CPU.ActiveCfg = Debug|Any CPU
		{29E16609-3CC9-4A9B-80DE-0A0066BBD40C}.Debug|Any CPU.Build.0 = Debug|Any CPU
		{29E16609-3CC9-4A9B-80DE-0A0066BBD40C}.Release|Any CPU.ActiveCfg = Release|Any CPU
		{29E16609-3CC9-4A9B-80DE-0A0066BBD40C}.Release|Any CPU.Build.0 = Release|Any CPU
		{33510BC4-03AA-4B1C-BC2F-F6DF920A9767}.Debug|Any CPU.ActiveCfg = Debug|Any CPU
		{33510BC4-03AA-4B1C-BC2F-F6DF920A9767}.Debug|Any CPU.Build.0 = Debug|Any CPU
		{33510BC4-03AA-4B1C-BC2F-F6DF920A9767}.Release|Any CPU.ActiveCfg = Release|Any CPU
		{33510BC4-03AA-4B1C-BC2F-F6DF920A9767}.Release|Any CPU.Build.0 = Release|Any CPU
		{632BF05C-BD72-467D-AADC-05AFC4060EE1}.Debug|Any CPU.ActiveCfg = Debug|Any CPU
		{632BF05C-BD72-467D-AADC-05AFC4060EE1}.Debug|Any CPU.Build.0 = Debug|Any CPU
		{632BF05C-BD72-467D-AADC-05AFC4060EE1}.Release|Any CPU.ActiveCfg = Release|Any CPU
		{632BF05C-BD72-467D-AADC-05AFC4060EE1}.Release|Any CPU.Build.0 = Release|Any CPU
		{F908B996-D873-4AF8-85CB-60A344F5309A}.Debug|Any CPU.ActiveCfg = Debug|Any CPU
		{F908B996-D873-4AF8-85CB-60A344F5309A}.Debug|Any CPU.Build.0 = Debug|Any CPU
		{F908B996-D873-4AF8-85CB-60A344F5309A}.Release|Any CPU.ActiveCfg = Release|Any CPU
		{F908B996-D873-4AF8-85CB-60A344F5309A}.Release|Any CPU.Build.0 = Release|Any CPU
		{CDDAFE16-32F2-4706-AE73-D05F50053133}.Debug|Any CPU.ActiveCfg = Debug|Any CPU
		{CDDAFE16-32F2-4706-AE73-D05F50053133}.Debug|Any CPU.Build.0 = Debug|Any CPU
		{CDDAFE16-32F2-4706-AE73-D05F50053133}.Release|Any CPU.ActiveCfg = Release|Any CPU
		{CDDAFE16-32F2-4706-AE73-D05F50053133}.Release|Any CPU.Build.0 = Release|Any CPU
		{3FF88E9B-F4A0-4B5F-B7A6-2D0DDF6BBFDD}.Debug|Any CPU.ActiveCfg = Debug|Any CPU
		{3FF88E9B-F4A0-4B5F-B7A6-2D0DDF6BBFDD}.Debug|Any CPU.Build.0 = Debug|Any CPU
		{3FF88E9B-F4A0-4B5F-B7A6-2D0DDF6BBFDD}.Release|Any CPU.ActiveCfg = Release|Any CPU
		{3FF88E9B-F4A0-4B5F-B7A6-2D0DDF6BBFDD}.Release|Any CPU.Build.0 = Release|Any CPU
		{724D7223-73B9-4445-899F-707D0CBB4BB8}.Debug|Any CPU.ActiveCfg = Debug|Any CPU
		{724D7223-73B9-4445-899F-707D0CBB4BB8}.Debug|Any CPU.Build.0 = Debug|Any CPU
		{724D7223-73B9-4445-899F-707D0CBB4BB8}.Release|Any CPU.ActiveCfg = Release|Any CPU
		{724D7223-73B9-4445-899F-707D0CBB4BB8}.Release|Any CPU.Build.0 = Release|Any CPU
		{A3F7A670-2FD3-4206-8154-F08EE841DCF6}.Debug|Any CPU.ActiveCfg = Debug|Any CPU
		{A3F7A670-2FD3-4206-8154-F08EE841DCF6}.Debug|Any CPU.Build.0 = Debug|Any CPU
		{A3F7A670-2FD3-4206-8154-F08EE841DCF6}.Release|Any CPU.ActiveCfg = Release|Any CPU
		{A3F7A670-2FD3-4206-8154-F08EE841DCF6}.Release|Any CPU.Build.0 = Release|Any CPU
		{2E38DF2A-F5A3-4612-9651-EF7FACBE14A6}.Debug|Any CPU.ActiveCfg = Debug|Any CPU
		{2E38DF2A-F5A3-4612-9651-EF7FACBE14A6}.Debug|Any CPU.Build.0 = Debug|Any CPU
		{2E38DF2A-F5A3-4612-9651-EF7FACBE14A6}.Release|Any CPU.ActiveCfg = Release|Any CPU
		{2E38DF2A-F5A3-4612-9651-EF7FACBE14A6}.Release|Any CPU.Build.0 = Release|Any CPU
	EndGlobalSection
	GlobalSection(SolutionProperties) = preSolution
		HideSolutionNode = FALSE
	EndGlobalSection
	GlobalSection(NestedProjects) = preSolution
		{A831CFD5-D08E-4954-A6F4-8A08E8CEE86E} = {E31B972E-85A4-4F55-9D4E-D25A6B1FD330}
		{6388180F-3996-41EB-9F88-DE5952E8D286} = {AD595A09-D213-4941-B6AE-9314FA31D375}
		{2544229E-4581-41B5-AA28-69319F9F0054} = {AD595A09-D213-4941-B6AE-9314FA31D375}
		{CF9B27FA-E132-48FB-BD72-6519A7C31C35} = {AD595A09-D213-4941-B6AE-9314FA31D375}
		{081C3B9B-3CF0-4152-8801-BC114953F4B8} = {7C83B2CD-8F97-4D62-9D69-210681AB1E8F}
		{F988EBFB-5626-4EBE-B9B0-70FACF6ED4DA} = {7C83B2CD-8F97-4D62-9D69-210681AB1E8F}
		{797653FC-0E67-4B9C-8778-92B7889C3920} = {7C83B2CD-8F97-4D62-9D69-210681AB1E8F}
		{B83699AC-7C58-4D28-925F-8ED15A5B7015} = {56F44CE1-4A50-43AA-B531-B506E32DBBEB}
		{182CB085-8ADF-4BC8-926A-370D0279BE6F} = {56F44CE1-4A50-43AA-B531-B506E32DBBEB}
		{C590D50C-02F3-48E8-BE58-904D5CF80747} = {56F44CE1-4A50-43AA-B531-B506E32DBBEB}
		{29E16609-3CC9-4A9B-80DE-0A0066BBD40C} = {033BC41F-B169-4B41-9F4B-FCF54DE8F5D5}
		{33510BC4-03AA-4B1C-BC2F-F6DF920A9767} = {033BC41F-B169-4B41-9F4B-FCF54DE8F5D5}
		{632BF05C-BD72-467D-AADC-05AFC4060EE1} = {033BC41F-B169-4B41-9F4B-FCF54DE8F5D5}
		{F908B996-D873-4AF8-85CB-60A344F5309A} = {2AE24A75-93E7-49CF-A5CF-A8AE7EB2F2FC}
		{CDDAFE16-32F2-4706-AE73-D05F50053133} = {2AE24A75-93E7-49CF-A5CF-A8AE7EB2F2FC}
		{3FF88E9B-F4A0-4B5F-B7A6-2D0DDF6BBFDD} = {2AE24A75-93E7-49CF-A5CF-A8AE7EB2F2FC}
		{724D7223-73B9-4445-899F-707D0CBB4BB8} = {102FA286-74DF-408E-9AB7-F2FABF8A2B4F}
		{A3F7A670-2FD3-4206-8154-F08EE841DCF6} = {102FA286-74DF-408E-9AB7-F2FABF8A2B4F}
		{2E38DF2A-F5A3-4612-9651-EF7FACBE14A6} = {102FA286-74DF-408E-9AB7-F2FABF8A2B4F}
	EndGlobalSection
	GlobalSection(ExtensibilityGlobals) = postSolution
		SolutionGuid = {E0398904-3FA2-49BD-BBBE-8B21A29C0E26}
	EndGlobalSection
EndGlobal
