
Microsoft Visual Studio Solution File, Format Version 12.00
# Visual Studio Version 17
VisualStudioVersion = 17.14.37614.0
MinimumVisualStudioVersion = 10.0.40219.1
Project("{2150E333-8FDC-42A3-9474-1A3956D46DE8}") = "Task0", "Task0", "{02EA681E-C7D8-13C7-8484-4AC65E1B71E8}"
EndProject
Project("{2150E333-8FDC-42A3-9474-1A3956D46DE8}") = "Task1", "Task1", "{E31B972E-85A4-4F55-9D4E-D25A6B1FD330}"
EndProject
Project("{FAE04EC0-301F-11D3-BF4B-00C04F79EFBC}") = "Tyuiu.BorovinskikhSV.Sprint0.Task1.V0", "Tyuiu.BorovinskikhSV.Sprint0.Task1.V0\Tyuiu.BorovinskikhSV.Sprint0.Task1.V0.csproj", "{A831CFD5-D08E-4954-A6F4-8A08E8CEE86E}"
EndProject
Global
	GlobalSection(SolutionConfigurationPlatforms) = preSolution
		Debug|Any CPU = Debug|Any CPU
		Release|Any CPU = Release|Any CPU
	EndGlobalSection
	GlobalSection(ProjectConfigurationPlatforms) = postSolution
		{A831CFD5-D08E-4954-A6F4-8A08E8CEE86E}.Debug|Any CPU.ActiveCfg = Debug|Any CPU
		{A831CFD5-D08E-4954-A6F4-8A08E8CEE86E}.Debug|Any CPU.Build.0 = Debug|Any CPU
		{A831CFD5-D08E-4954-A6F4-8A08E8CEE86E}.Release|Any CPU.ActiveCfg = Release|Any CPU
		{A831CFD5-D08E-4954-A6F4-8A08E8CEE86E}.Release|Any CPU.Build.0 = Release|Any CPU
	EndGlobalSection
	GlobalSection(SolutionProperties) = preSolution
		HideSolutionNode = FALSE
	EndGlobalSection
	GlobalSection(NestedProjects) = preSolution
		{A831CFD5-D08E-4954-A6F4-8A08E8CEE86E} = {E31B972E-85A4-4F55-9D4E-D25A6B1FD330}
	EndGlobalSection
	GlobalSection(ExtensibilityGlobals) = postSolution
		SolutionGuid = {E0398904-3FA2-49BD-BBBE-8B21A29C0E26}
	EndGlobalSection
EndGlobal
